
Microsoft Visual Studio Solution File, Format Version 12.00
# Visual Studio Version 17
VisualStudioVersion = 17.5.002.0
MinimumVisualStudioVersion = 10.0.40219.1
Project("{9A19103F-16F7-4668-BE54-9A1E7A4F7556}") = "ProjetoRotaOeste", "ProjetoRotaOeste.csproj", "{C8987AB6-DEEA-486E-B5D7-754804A3F1AF}"
EndProject
Global
	GlobalSection(SolutionConfigurationPlatforms) = preSolution
		Debug|Any CPU = Debug|Any CPU
		Release|Any CPU = Release|Any CPU
	EndGlobalSection
	GlobalSection(ProjectConfigurationPlatforms) = postSolution
		{C8987AB6-DEEA-486E-B5D7-754804A3F1AF}.Debug|Any CPU.ActiveCfg = Debug|Any CPU
		{C8987AB6-DEEA-486E-B5D7-754804A3F1AF}.Debug|Any CPU.Build.0 = Debug|Any CPU
		{C8987AB6-DEEA-486E-B5D7-754804A3F1AF}.Release|Any CPU.ActiveCfg = Release|Any CPU
		{C8987AB6-DEEA-486E-B5D7-754804A3F1AF}.Release|Any CPU.Build.0 = Release|Any CPU
	EndGlobalSection
	GlobalSection(SolutionProperties) = preSolution
		HideSolutionNode = FALSE
	EndGlobalSection
	GlobalSection(ExtensibilityGlobals) = postSolution
		SolutionGuid = {421BFA9A-E35E-4F3B-9DCC-6C3B63319058}
	EndGlobalSection
EndGlobal
